
Microsoft Visual Studio Solution File, Format Version 12.00
# Visual Studio Version 17
VisualStudioVersion = 17.0.31903.59
MinimumVisualStudioVersion = 10.0.40219.1
Project("{2150E333-8FDC-42A3-9474-1A3956D46DE8}") = "src", "src", "{5048210C-62E7-44E4-A558-ED4C5C8380CE}"
EndProject
Project("{2150E333-8FDC-42A3-9474-1A3956D46DE8}") = "windows", "windows", "{B85CE34F-E499-4AD4-ABCA-7C691802C2EB}"
EndProject
Project("{FAE04EC0-301F-11D3-BF4B-00C04F79EFBC}") = "Reliability.Contracts", "src\windows\Reliability.Contracts\Reliability.Contracts.csproj", "{58FACC4F-E7CE-49A4-8531-12D8E68B4D93}"
EndProject
Project("{FAE04EC0-301F-11D3-BF4B-00C04F79EFBC}") = "Reliability.Sensor", "src\windows\Reliability.Sensor\Reliability.Sensor.csproj", "{A55DC843-CF79-4E86-BEC0-C15872CE1210}"
EndProject
Project("{FAE04EC0-301F-11D3-BF4B-00C04F79EFBC}") = "Reliability.Sensor.Tests", "src\windows\Reliability.Sensor.Tests\Reliability.Sensor.Tests.csproj", "{1A5DE6F6-45BF-4F77-9084-9330B9D879BA}"
EndProject
Project("{FAE04EC0-301F-11D3-BF4B-00C04F79EFBC}") = "Demo.BrokenWpfApp", "src\windows\Demo.BrokenWpfApp\Demo.BrokenWpfApp.csproj", "{72AF3224-1330-4B7E-9BB4-3CDA380A3DA4}"
EndProject
Project("{FAE04EC0-301F-11D3-BF4B-00C04F79EFBC}") = "Demo.BrokenWpfApp.Tests", "src\windows\Demo.BrokenWpfApp.Tests\Demo.BrokenWpfApp.Tests.csproj", "{A6253114-BE05-4DBB-89E0-01E1C29488B2}"
EndProject
Global
	GlobalSection(SolutionConfigurationPlatforms) = preSolution
		Debug|Any CPU = Debug|Any CPU
		Release|Any CPU = Release|Any CPU
	EndGlobalSection
	GlobalSection(SolutionProperties) = preSolution
		HideSolutionNode = FALSE
	EndGlobalSection
	GlobalSection(ProjectConfigurationPlatforms) = postSolution
		{58FACC4F-E7CE-49A4-8531-12D8E68B4D93}.Debug|Any CPU.ActiveCfg = Debug|Any CPU
		{58FACC4F-E7CE-49A4-8531-12D8E68B4D93}.Debug|Any CPU.Build.0 = Debug|Any CPU
		{58FACC4F-E7CE-49A4-8531-12D8E68B4D93}.Release|Any CPU.ActiveCfg = Release|Any CPU
		{58FACC4F-E7CE-49A4-8531-12D8E68B4D93}.Release|Any CPU.Build.0 = Release|Any CPU
		{A55DC843-CF79-4E86-BEC0-C15872CE1210}.Debug|Any CPU.ActiveCfg = Debug|Any CPU
		{A55DC843-CF79-4E86-BEC0-C15872CE1210}.Debug|Any CPU.Build.0 = Debug|Any CPU
		{A55DC843-CF79-4E86-BEC0-C15872CE1210}.Release|Any CPU.ActiveCfg = Release|Any CPU
		{A55DC843-CF79-4E86-BEC0-C15872CE1210}.Release|Any CPU.Build.0 = Release|Any CPU
		{1A5DE6F6-45BF-4F77-9084-9330B9D879BA}.Debug|Any CPU.ActiveCfg = Debug|Any CPU
		{1A5DE6F6-45BF-4F77-9084-9330B9D879BA}.Debug|Any CPU.Build.0 = Debug|Any CPU
		{1A5DE6F6-45BF-4F77-9084-9330B9D879BA}.Release|Any CPU.ActiveCfg = Release|Any CPU
		{1A5DE6F6-45BF-4F77-9084-9330B9D879BA}.Release|Any CPU.Build.0 = Release|Any CPU
		{72AF3224-1330-4B7E-9BB4-3CDA380A3DA4}.Debug|Any CPU.ActiveCfg = Debug|Any CPU
		{72AF3224-1330-4B7E-9BB4-3CDA380A3DA4}.Debug|Any CPU.Build.0 = Debug|Any CPU
		{72AF3224-1330-4B7E-9BB4-3CDA380A3DA4}.Release|Any CPU.ActiveCfg = Release|Any CPU
		{72AF3224-1330-4B7E-9BB4-3CDA380A3DA4}.Release|Any CPU.Build.0 = Release|Any CPU
		{A6253114-BE05-4DBB-89E0-01E1C29488B2}.Debug|Any CPU.ActiveCfg = Debug|Any CPU
		{A6253114-BE05-4DBB-89E0-01E1C29488B2}.Debug|Any CPU.Build.0 = Debug|Any CPU
		{A6253114-BE05-4DBB-89E0-01E1C29488B2}.Release|Any CPU.ActiveCfg = Release|Any CPU
		{A6253114-BE05-4DBB-89E0-01E1C29488B2}.Release|Any CPU.Build.0 = Release|Any CPU
	EndGlobalSection
	GlobalSection(NestedProjects) = preSolution
		{B85CE34F-E499-4AD4-ABCA-7C691802C2EB} = {5048210C-62E7-44E4-A558-ED4C5C8380CE}
		{58FACC4F-E7CE-49A4-8531-12D8E68B4D93} = {B85CE34F-E499-4AD4-ABCA-7C691802C2EB}
		{A55DC843-CF79-4E86-BEC0-C15872CE1210} = {B85CE34F-E499-4AD4-ABCA-7C691802C2EB}
		{1A5DE6F6-45BF-4F77-9084-9330B9D879BA} = {B85CE34F-E499-4AD4-ABCA-7C691802C2EB}
		{72AF3224-1330-4B7E-9BB4-3CDA380A3DA4} = {B85CE34F-E499-4AD4-ABCA-7C691802C2EB}
		{A6253114-BE05-4DBB-89E0-01E1C29488B2} = {B85CE34F-E499-4AD4-ABCA-7C691802C2EB}
	EndGlobalSection
EndGlobal
